<?xml version="1.0" encoding="utf-8"?>
<Project ToolsVersion="4.0" xmlns="http://schemas.microsoft.com/developer/msbuild/2003">
  <ItemGroup>
    <Filter Include="Source Files">
      <UniqueIdentifier>{4FC737F1-C7A5-4376-A066-2A32D752A2FF}</UniqueIdentifier>
      <Extensions>cpp;c;cc;cxx;def;odl;idl;hpj;bat;asm;asmx</Extensions>
    </Filter>
    <Filter Include="Header Files">
      <UniqueIdentifier>{93995380-89BD-4b04-88EB-625FBE52EBFB}</UniqueIdentifier>
      <Extensions>h;hh;hpp;hxx;hm;inl;inc;xsd</Extensions>
    </Filter>
    <Filter Include="Resource Files">
      <UniqueIdentifier>{67DA6AB6-F800-4c08-8B7A-83BB121AAD01}</UniqueIdentifier>
      <Extensions>rc;ico;cur;bmp;dlg;rc2;rct;bin;rgs;gif;jpg;jpeg;jpe;resx;tiff;tif;png;wav;mfcribbon-ms</Extensions>
    </Filter>
    <Filter Include="config">
      <UniqueIdentifier>{a6e44e80-d5a8-43d6-b0d0-b0f9452ac50e}</UniqueIdentifier>
    </Filter>
    <Filter Include="shared">
      <UniqueIdentifier>{c545211c-f8d2-4a90-85c0-9ef803c9b99b}</UniqueIdentifier>
    </Filter>
  </ItemGroup>
  <ItemGroup>
    <Text Include="ReadMe.txt" />
  </ItemGroup>
  <ItemGroup>
    <ClInclude Include="stdafx.h">
      <Filter>Header Files</Filter>
    </ClInclude>
    <ClInclude Include="targetver.h">
      <Filter>Header Files</Filter>
    </ClInclude>
    <ClInclude Include="include\AlertManager.h">
      <Filter>Header Files</Filter>
    </ClInclude>
    <ClInclude Include="include\Application.h">
      <Filter>Header Files</Filter>
    </ClInclude>
    <ClInclude Include="include\Authenticator.h">
      <Filter>Header Files</Filter>
    </ClInclude>
    <ClInclude Include="include\DbFactory.h">
      <Filter>Header Files</Filter>
    </ClInclude>
    <ClInclude Include="include\HTTPServer.h">
      <Filter>Header Files</Filter>
    </ClInclude>
    <ClInclude Include="include\IStorage.h">
      <Filter>Header Files</Filter>
    </ClInclude>
    <ClInclude Include="include\IUserStore.h">
      <Filter>Header Files</Filter>
    </ClInclude>
    <ClInclude Include="include\MySQLStorage.h">
      <Filter>Header Files</Filter>
    </ClInclude>
    <ClInclude Include="include\ServerResponse.h">
      <Filter>Header Files</Filter>
    </ClInclude>
    <ClInclude Include="include\SMTPClient.h">
      <Filter>Header Files</Filter>
    </ClInclude>
    <ClInclude Include="include\UserStore.h">
      <Filter>Header Files</Filter>
    </ClInclude>
  </ItemGroup>
  <ItemGroup>
    <ClCompile Include="stdafx.cpp">
      <Filter>Source Files</Filter>
    </ClCompile>
    <ClCompile Include="ServerApp.cpp">
      <Filter>Source Files</Filter>
    </ClCompile>
    <ClCompile Include="src\AlertManager.cpp">
      <Filter>Source Files</Filter>
    </ClCompile>
    <ClCompile Include="src\Application.cpp">
      <Filter>Source Files</Filter>
    </ClCompile>
    <ClCompile Include="src\Authenticator.cpp">
      <Filter>Source Files</Filter>
    </ClCompile>
    <ClCompile Include="src\DbFactory.cpp">
      <Filter>Source Files</Filter>
    </ClCompile>
    <ClCompile Include="src\HTTPServer.cpp">
      <Filter>Source Files</Filter>
    </ClCompile>
    <ClCompile Include="src\IUserStore.cpp">
      <Filter>Source Files</Filter>
    </ClCompile>
    <ClCompile Include="src\MySQLStorage.cpp">
      <Filter>Source Files</Filter>
    </ClCompile>
    <ClCompile Include="src\ServerResponse.cpp">
      <Filter>Source Files</Filter>
    </ClCompile>
    <ClCompile Include="src\SMTPClient.cpp">
      <Filter>Source Files</Filter>
    </ClCompile>
    <ClCompile Include="src\UserStore.cpp">
      <Filter>Source Files</Filter>
    </ClCompile>
    <ClCompile Include="..\SharedLibs\shared\AppConfiguration.cpp">
      <Filter>shared</Filter>
    </ClCompile>
    <ClCompile Include="..\SharedLibs\shared\JSONUtil.cpp">
      <Filter>shared</Filter>
    </ClCompile>
    <ClCompile Include="..\SharedLibs\shared\Logger.cpp">
      <Filter>shared</Filter>
    </ClCompile>
  </ItemGroup>
  <ItemGroup>
    <None Include="packages.config" />
    <None Include="Ini.cs" />
    <None Include="config\server_config.ini">
      <Filter>config</Filter>
    </None>
  </ItemGroup>
  <ItemGroup>
    <Xml Include="config\server_config.xml">
      <Filter>config</Filter>
    </Xml>
  </ItemGroup>
</Project>